
Microsoft Visual Studio Solution File, Format Version 12.00
# Visual Studio Version 17
VisualStudioVersion = 17.2.32630.192
MinimumVisualStudioVersion = 10.0.40219.1
Project("{9A19103F-16F7-4668-BE54-9A1E7A4F7556}") = "FhirWatch.SharedComponents", "FhirWatch.SharedComponents\FhirWatch.SharedComponents.csproj", "{847F6791-43EF-4EA7-B5D0-ADA4BBB5E5E5}"
EndProject
Project("{9A19103F-16F7-4668-BE54-9A1E7A4F7556}") = "FhirWatch.PatientModule", "FhirWatch.PatientModule\FhirWatch.PatientModule.csproj", "{A3503D1F-E268-4DDE-BD7F-4C963DA5D355}"
EndProject
Project("{9A19103F-16F7-4668-BE54-9A1E7A4F7556}") = "FhirWatch", "FhirWatch\FhirWatch.csproj", "{729AF617-9067-4A91-AFD1-F0157846CF33}"
EndProject
Project("{9A19103F-16F7-4668-BE54-9A1E7A4F7556}") = "FhirWatch.Api", "FhirWatch.Api\FhirWatch.Api.csproj", "{F686B42E-4481-4FCA-ACEE-0293D98CC816}"
EndProject
Global
	GlobalSection(SolutionConfigurationPlatforms) = preSolution
		Debug|Any CPU = Debug|Any CPU
		Release|Any CPU = Release|Any CPU
	EndGlobalSection
	GlobalSection(ProjectConfigurationPlatforms) = postSolution
		{847F6791-43EF-4EA7-B5D0-ADA4BBB5E5E5}.Debug|Any CPU.ActiveCfg = Debug|Any CPU
		{847F6791-43EF-4EA7-B5D0-ADA4BBB5E5E5}.Debug|Any CPU.Build.0 = Debug|Any CPU
		{847F6791-43EF-4EA7-B5D0-ADA4BBB5E5E5}.Release|Any CPU.ActiveCfg = Release|Any CPU
		{847F6791-43EF-4EA7-B5D0-ADA4BBB5E5E5}.Release|Any CPU.Build.0 = Release|Any CPU
		{A3503D1F-E268-4DDE-BD7F-4C963DA5D355}.Debug|Any CPU.ActiveCfg = Debug|Any CPU
		{A3503D1F-E268-4DDE-BD7F-4C963DA5D355}.Debug|Any CPU.Build.0 = Debug|Any CPU
		{A3503D1F-E268-4DDE-BD7F-4C963DA5D355}.Release|Any CPU.ActiveCfg = Release|Any CPU
		{A3503D1F-E268-4DDE-BD7F-4C963DA5D355}.Release|Any CPU.Build.0 = Release|Any CPU
		{729AF617-9067-4A91-AFD1-F0157846CF33}.Debug|Any CPU.ActiveCfg = Debug|Any CPU
		{729AF617-9067-4A91-AFD1-F0157846CF33}.Debug|Any CPU.Build.0 = Debug|Any CPU
		{729AF617-9067-4A91-AFD1-F0157846CF33}.Release|Any CPU.ActiveCfg = Release|Any CPU
		{729AF617-9067-4A91-AFD1-F0157846CF33}.Release|Any CPU.Build.0 = Release|Any CPU
		{F686B42E-4481-4FCA-ACEE-0293D98CC816}.Debug|Any CPU.ActiveCfg = Debug|Any CPU
		{F686B42E-4481-4FCA-ACEE-0293D98CC816}.Debug|Any CPU.Build.0 = Debug|Any CPU
		{F686B42E-4481-4FCA-ACEE-0293D98CC816}.Release|Any CPU.ActiveCfg = Release|Any CPU
		{F686B42E-4481-4FCA-ACEE-0293D98CC816}.Release|Any CPU.Build.0 = Release|Any CPU
	EndGlobalSection
	GlobalSection(SolutionProperties) = preSolution
		HideSolutionNode = FALSE
	EndGlobalSection
	GlobalSection(ExtensibilityGlobals) = postSolution
		SolutionGuid = {C4588E55-32DD-4159-BEF5-F3DF626D48C0}
	EndGlobalSection
EndGlobal
